
Microsoft Visual Studio Solution File, Format Version 12.00
# Visual Studio Version 17
VisualStudioVersion = 17.6.33829.357
MinimumVisualStudioVersion = 10.0.40219.1
Project("{FAE04EC0-301F-11D3-BF4B-00C04F79EFBC}") = "WebApplication1", "WebApplication1\WebApplication1.csproj", "{49CE2EBD-F305-4775-8909-7C5559ED816E}"
EndProject
Global
	GlobalSection(SolutionConfigurationPlatforms) = preSolution
		Debug|Any CPU = Debug|Any CPU
		Release|Any CPU = Release|Any CPU
	EndGlobalSection
	GlobalSection(ProjectConfigurationPlatforms) = postSolution
		{49CE2EBD-F305-4775-8909-7C5559ED816E}.Debug|Any CPU.ActiveCfg = Debug|Any CPU
		{49CE2EBD-F305-4775-8909-7C5559ED816E}.Debug|Any CPU.Build.0 = Debug|Any CPU
		{49CE2EBD-F305-4775-8909-7C5559ED816E}.Release|Any CPU.ActiveCfg = Release|Any CPU
		{49CE2EBD-F305-4775-8909-7C5559ED816E}.Release|Any CPU.Build.0 = Release|Any CPU
	EndGlobalSection
	GlobalSection(SolutionProperties) = preSolution
		HideSolutionNode = FALSE
	EndGlobalSection
	GlobalSection(ExtensibilityGlobals) = postSolution
		SolutionGuid = {BCCC9D89-7DCA-49B6-9FFF-A899E88B78FE}
	EndGlobalSection
EndGlobal
